
Microsoft Visual Studio Solution File, Format Version 12.00
# Visual Studio Version 17
VisualStudioVersion = 17.6.33815.320
MinimumVisualStudioVersion = 10.0.40219.1
Project("{FAE04EC0-301F-11D3-BF4B-00C04F79EFBC}") = "livrariaAPI", "livrariaAPI\livrariaAPI.csproj", "{78C7B38E-A0D9-4EC3-A560-17BE9DB78166}"
EndProject
Global
	GlobalSection(SolutionConfigurationPlatforms) = preSolution
		Debug|Any CPU = Debug|Any CPU
		Release|Any CPU = Release|Any CPU
	EndGlobalSection
	GlobalSection(ProjectConfigurationPlatforms) = postSolution
		{78C7B38E-A0D9-4EC3-A560-17BE9DB78166}.Debug|Any CPU.ActiveCfg = Debug|Any CPU
		{78C7B38E-A0D9-4EC3-A560-17BE9DB78166}.Debug|Any CPU.Build.0 = Debug|Any CPU
		{78C7B38E-A0D9-4EC3-A560-17BE9DB78166}.Release|Any CPU.ActiveCfg = Release|Any CPU
		{78C7B38E-A0D9-4EC3-A560-17BE9DB78166}.Release|Any CPU.Build.0 = Release|Any CPU
	EndGlobalSection
	GlobalSection(SolutionProperties) = preSolution
		HideSolutionNode = FALSE
	EndGlobalSection
	GlobalSection(ExtensibilityGlobals) = postSolution
		SolutionGuid = {9E84B68F-69DC-47CA-8F55-8F95C8441DAE}
	EndGlobalSection
EndGlobal
